
Microsoft Visual Studio Solution File, Format Version 12.00
# Visual Studio 15
VisualStudioVersion = 15.0.26124.0
MinimumVisualStudioVersion = 15.0.26124.0
Project("{FAE04EC0-301F-11D3-BF4B-00C04F79EFBC}") = "OutGridViewModels", "Models\OutGridViewModels.csproj", "{8EDC9C0A-28EC-41D0-82A9-B0016E733100}"
EndProject
Project("{FAE04EC0-301F-11D3-BF4B-00C04F79EFBC}") = "OutGridViewCmdlet", "Cmdlet\OutGridViewCmdlet.csproj", "{3995BB06-2D7A-4B66-8DBF-2C879895C6AB}"
EndProject
Project("{FAE04EC0-301F-11D3-BF4B-00C04F79EFBC}") = "OutGridViewApplication", "Application\OutGridViewApplication.csproj", "{A83D766A-3986-4C61-AA7B-E2F68D8A6039}"
EndProject
Global
	GlobalSection(SolutionConfigurationPlatforms) = preSolution
		Debug|Any CPU = Debug|Any CPU
		Debug|x64 = Debug|x64
		Debug|x86 = Debug|x86
		Release|Any CPU = Release|Any CPU
		Release|x64 = Release|x64
		Release|x86 = Release|x86
	EndGlobalSection
	GlobalSection(SolutionProperties) = preSolution
		HideSolutionNode = FALSE
	EndGlobalSection
	GlobalSection(ProjectConfigurationPlatforms) = postSolution
		{8EDC9C0A-28EC-41D0-82A9-B0016E733100}.Debug|Any CPU.ActiveCfg = Debug|Any CPU
		{8EDC9C0A-28EC-41D0-82A9-B0016E733100}.Debug|Any CPU.Build.0 = Debug|Any CPU
		{8EDC9C0A-28EC-41D0-82A9-B0016E733100}.Debug|x64.ActiveCfg = Debug|Any CPU
		{8EDC9C0A-28EC-41D0-82A9-B0016E733100}.Debug|x64.Build.0 = Debug|Any CPU
		{8EDC9C0A-28EC-41D0-82A9-B0016E733100}.Debug|x86.ActiveCfg = Debug|Any CPU
		{8EDC9C0A-28EC-41D0-82A9-B0016E733100}.Debug|x86.Build.0 = Debug|Any CPU
		{8EDC9C0A-28EC-41D0-82A9-B0016E733100}.Release|Any CPU.ActiveCfg = Release|Any CPU
		{8EDC9C0A-28EC-41D0-82A9-B0016E733100}.Release|Any CPU.Build.0 = Release|Any CPU
		{8EDC9C0A-28EC-41D0-82A9-B0016E733100}.Release|x64.ActiveCfg = Release|Any CPU
		{8EDC9C0A-28EC-41D0-82A9-B0016E733100}.Release|x64.Build.0 = Release|Any CPU
		{8EDC9C0A-28EC-41D0-82A9-B0016E733100}.Release|x86.ActiveCfg = Release|Any CPU
		{8EDC9C0A-28EC-41D0-82A9-B0016E733100}.Release|x86.Build.0 = Release|Any CPU
		{3995BB06-2D7A-4B66-8DBF-2C879895C6AB}.Debug|Any CPU.ActiveCfg = Debug|Any CPU
		{3995BB06-2D7A-4B66-8DBF-2C879895C6AB}.Debug|Any CPU.Build.0 = Debug|Any CPU
		{3995BB06-2D7A-4B66-8DBF-2C879895C6AB}.Debug|x64.ActiveCfg = Debug|Any CPU
		{3995BB06-2D7A-4B66-8DBF-2C879895C6AB}.Debug|x64.Build.0 = Debug|Any CPU
		{3995BB06-2D7A-4B66-8DBF-2C879895C6AB}.Debug|x86.ActiveCfg = Debug|Any CPU
		{3995BB06-2D7A-4B66-8DBF-2C879895C6AB}.Debug|x86.Build.0 = Debug|Any CPU
		{3995BB06-2D7A-4B66-8DBF-2C879895C6AB}.Release|Any CPU.ActiveCfg = Release|Any CPU
		{3995BB06-2D7A-4B66-8DBF-2C879895C6AB}.Release|Any CPU.Build.0 = Release|Any CPU
		{3995BB06-2D7A-4B66-8DBF-2C879895C6AB}.Release|x64.ActiveCfg = Release|Any CPU
		{3995BB06-2D7A-4B66-8DBF-2C879895C6AB}.Release|x64.Build.0 = Release|Any CPU
		{3995BB06-2D7A-4B66-8DBF-2C879895C6AB}.Release|x86.ActiveCfg = Release|Any CPU
		{3995BB06-2D7A-4B66-8DBF-2C879895C6AB}.Release|x86.Build.0 = Release|Any CPU
		{A83D766A-3986-4C61-AA7B-E2F68D8A6039}.Debug|Any CPU.ActiveCfg = Debug|Any CPU
		{A83D766A-3986-4C61-AA7B-E2F68D8A6039}.Debug|Any CPU.Build.0 = Debug|Any CPU
		{A83D766A-3986-4C61-AA7B-E2F68D8A6039}.Debug|x64.ActiveCfg = Debug|Any CPU
		{A83D766A-3986-4C61-AA7B-E2F68D8A6039}.Debug|x64.Build.0 = Debug|Any CPU
		{A83D766A-3986-4C61-AA7B-E2F68D8A6039}.Debug|x86.ActiveCfg = Debug|Any CPU
		{A83D766A-3986-4C61-AA7B-E2F68D8A6039}.Debug|x86.Build.0 = Debug|Any CPU
		{A83D766A-3986-4C61-AA7B-E2F68D8A6039}.Release|Any CPU.ActiveCfg = Release|Any CPU
		{A83D766A-3986-4C61-AA7B-E2F68D8A6039}.Release|Any CPU.Build.0 = Release|Any CPU
		{A83D766A-3986-4C61-AA7B-E2F68D8A6039}.Release|x64.ActiveCfg = Release|Any CPU
		{A83D766A-3986-4C61-AA7B-E2F68D8A6039}.Release|x64.Build.0 = Release|Any CPU
		{A83D766A-3986-4C61-AA7B-E2F68D8A6039}.Release|x86.ActiveCfg = Release|Any CPU
		{A83D766A-3986-4C61-AA7B-E2F68D8A6039}.Release|x86.Build.0 = Release|Any CPU
	EndGlobalSection
EndGlobal
