
Microsoft Visual Studio Solution File, Format Version 12.00
# Visual Studio Version 17
VisualStudioVersion = 17.5.002.0
MinimumVisualStudioVersion = 10.0.40219.1
Project("{9A19103F-16F7-4668-BE54-9A1E7A4F7556}") = "Microsoft.PowerShell.ConsoleGuiTools", "Microsoft.PowerShell.ConsoleGuiTools\Microsoft.PowerShell.ConsoleGuiTools.csproj", "{911EB931-77D9-4DC9-9503-58110DB4417A}"
EndProject
Project("{9A19103F-16F7-4668-BE54-9A1E7A4F7556}") = "Microsoft.PowerShell.OutGridView.Models", "Microsoft.PowerShell.OutGridView.Models\Microsoft.PowerShell.OutGridView.Models.csproj", "{AB9BF39C-D278-43BD-BFF1-CBBEBBE8C94E}"
EndProject
Global
	GlobalSection(SolutionConfigurationPlatforms) = preSolution
		Debug|Any CPU = Debug|Any CPU
		Release|Any CPU = Release|Any CPU
	EndGlobalSection
	GlobalSection(ProjectConfigurationPlatforms) = postSolution
		{911EB931-77D9-4DC9-9503-58110DB4417A}.Debug|Any CPU.ActiveCfg = Debug|Any CPU
		{911EB931-77D9-4DC9-9503-58110DB4417A}.Debug|Any CPU.Build.0 = Debug|Any CPU
		{911EB931-77D9-4DC9-9503-58110DB4417A}.Release|Any CPU.ActiveCfg = Release|Any CPU
		{911EB931-77D9-4DC9-9503-58110DB4417A}.Release|Any CPU.Build.0 = Release|Any CPU
		{AB9BF39C-D278-43BD-BFF1-CBBEBBE8C94E}.Debug|Any CPU.ActiveCfg = Debug|Any CPU
		{AB9BF39C-D278-43BD-BFF1-CBBEBBE8C94E}.Debug|Any CPU.Build.0 = Debug|Any CPU
		{AB9BF39C-D278-43BD-BFF1-CBBEBBE8C94E}.Release|Any CPU.ActiveCfg = Release|Any CPU
		{AB9BF39C-D278-43BD-BFF1-CBBEBBE8C94E}.Release|Any CPU.Build.0 = Release|Any CPU
	EndGlobalSection
	GlobalSection(SolutionProperties) = preSolution
		HideSolutionNode = FALSE
	EndGlobalSection
	GlobalSection(ExtensibilityGlobals) = postSolution
		SolutionGuid = {5463BA3E-06A1-4EC6-B7E6-B94FCC18F3DF}
	EndGlobalSection
EndGlobal
